
Microsoft Visual Studio Solution File, Format Version 12.00
Project("{FAE04EC0-301F-11D3-BF4B-00C04F79EFBC}") = "conceitosBasicos", "conceitosBasicos\conceitosBasicos.csproj", "{FFE39EFF-0AFB-4FF9-AB32-7B5BD8B66F11}"
EndProject
Global
	GlobalSection(SolutionConfigurationPlatforms) = preSolution
		Debug|Any CPU = Debug|Any CPU
		Release|Any CPU = Release|Any CPU
	EndGlobalSection
	GlobalSection(ProjectConfigurationPlatforms) = postSolution
		{FFE39EFF-0AFB-4FF9-AB32-7B5BD8B66F11}.Debug|Any CPU.ActiveCfg = Debug|Any CPU
		{FFE39EFF-0AFB-4FF9-AB32-7B5BD8B66F11}.Debug|Any CPU.Build.0 = Debug|Any CPU
		{FFE39EFF-0AFB-4FF9-AB32-7B5BD8B66F11}.Release|Any CPU.ActiveCfg = Release|Any CPU
		{FFE39EFF-0AFB-4FF9-AB32-7B5BD8B66F11}.Release|Any CPU.Build.0 = Release|Any CPU
	EndGlobalSection
EndGlobal
