
Microsoft Visual Studio Solution File, Format Version 12.00
Project("{FAE04EC0-301F-11D3-BF4B-00C04F79EFBC}") = "Exercicio3_Alunos", "Exercicio3_Alunos.csproj", "{C41B502E-A208-4A7B-9A5E-1145FBBDB38E}"
EndProject
Global
	GlobalSection(SolutionConfigurationPlatforms) = preSolution
		Debug|Any CPU = Debug|Any CPU
		Release|Any CPU = Release|Any CPU
	EndGlobalSection
	GlobalSection(ProjectConfigurationPlatforms) = postSolution
		{C41B502E-A208-4A7B-9A5E-1145FBBDB38E}.Debug|Any CPU.ActiveCfg = Debug|Any CPU
		{C41B502E-A208-4A7B-9A5E-1145FBBDB38E}.Debug|Any CPU.Build.0 = Debug|Any CPU
		{C41B502E-A208-4A7B-9A5E-1145FBBDB38E}.Release|Any CPU.ActiveCfg = Release|Any CPU
		{C41B502E-A208-4A7B-9A5E-1145FBBDB38E}.Release|Any CPU.Build.0 = Release|Any CPU
	EndGlobalSection
EndGlobal
