
Microsoft Visual Studio Solution File, Format Version 12.00
Project("{FAE04EC0-301F-11D3-BF4B-00C04F79EFBC}") = "Exercicio2_Funcionario", "Exercicio2_Funcionario\Exercicio2_Funcionario.csproj", "{B87768A3-BC82-48CF-B662-DDFC6CD3C121}"
EndProject
Global
	GlobalSection(SolutionConfigurationPlatforms) = preSolution
		Debug|Any CPU = Debug|Any CPU
		Release|Any CPU = Release|Any CPU
	EndGlobalSection
	GlobalSection(ProjectConfigurationPlatforms) = postSolution
		{B87768A3-BC82-48CF-B662-DDFC6CD3C121}.Debug|Any CPU.ActiveCfg = Debug|Any CPU
		{B87768A3-BC82-48CF-B662-DDFC6CD3C121}.Debug|Any CPU.Build.0 = Debug|Any CPU
		{B87768A3-BC82-48CF-B662-DDFC6CD3C121}.Release|Any CPU.ActiveCfg = Release|Any CPU
		{B87768A3-BC82-48CF-B662-DDFC6CD3C121}.Release|Any CPU.Build.0 = Release|Any CPU
	EndGlobalSection
EndGlobal
